
Microsoft Visual Studio Solution File, Format Version 12.00
# Visual Studio Version 16
VisualStudioVersion = 16.0.30517.126
MinimumVisualStudioVersion = 10.0.40219.1
Project("{FAE04EC0-301F-11D3-BF4B-00C04F79EFBC}") = "ReadWriteTextFile", "ReadWriteFiles\ReadWriteTextFile.csproj", "{03A226DD-DF0B-4BBB-AD78-FF058BF9A73A}"
EndProject
Project("{FAE04EC0-301F-11D3-BF4B-00C04F79EFBC}") = "ReadWriteCsvFile", "ReadWriteCsvFile\ReadWriteCsvFile.csproj", "{C3472889-1F18-400B-9DFD-3614C21D0F8D}"
EndProject
Project("{FAE04EC0-301F-11D3-BF4B-00C04F79EFBC}") = "SharedClassLibrary", "SharedClassLibrary\SharedClassLibrary.csproj", "{C0BF2372-88B8-4957-8B17-07972BE6636D}"
EndProject
Global
	GlobalSection(SolutionConfigurationPlatforms) = preSolution
		Debug|Any CPU = Debug|Any CPU
		Release|Any CPU = Release|Any CPU
	EndGlobalSection
	GlobalSection(ProjectConfigurationPlatforms) = postSolution
		{03A226DD-DF0B-4BBB-AD78-FF058BF9A73A}.Debug|Any CPU.ActiveCfg = Debug|Any CPU
		{03A226DD-DF0B-4BBB-AD78-FF058BF9A73A}.Debug|Any CPU.Build.0 = Debug|Any CPU
		{03A226DD-DF0B-4BBB-AD78-FF058BF9A73A}.Release|Any CPU.ActiveCfg = Release|Any CPU
		{03A226DD-DF0B-4BBB-AD78-FF058BF9A73A}.Release|Any CPU.Build.0 = Release|Any CPU
		{C3472889-1F18-400B-9DFD-3614C21D0F8D}.Debug|Any CPU.ActiveCfg = Debug|Any CPU
		{C3472889-1F18-400B-9DFD-3614C21D0F8D}.Debug|Any CPU.Build.0 = Debug|Any CPU
		{C3472889-1F18-400B-9DFD-3614C21D0F8D}.Release|Any CPU.ActiveCfg = Release|Any CPU
		{C3472889-1F18-400B-9DFD-3614C21D0F8D}.Release|Any CPU.Build.0 = Release|Any CPU
		{C0BF2372-88B8-4957-8B17-07972BE6636D}.Debug|Any CPU.ActiveCfg = Debug|Any CPU
		{C0BF2372-88B8-4957-8B17-07972BE6636D}.Debug|Any CPU.Build.0 = Debug|Any CPU
		{C0BF2372-88B8-4957-8B17-07972BE6636D}.Release|Any CPU.ActiveCfg = Release|Any CPU
		{C0BF2372-88B8-4957-8B17-07972BE6636D}.Release|Any CPU.Build.0 = Release|Any CPU
	EndGlobalSection
	GlobalSection(SolutionProperties) = preSolution
		HideSolutionNode = FALSE
	EndGlobalSection
	GlobalSection(ExtensibilityGlobals) = postSolution
		SolutionGuid = {40DFFA6F-309C-404E-8C8F-84CD66E9F64A}
	EndGlobalSection
EndGlobal
